
Microsoft Visual Studio Solution File, Format Version 12.00
# Visual Studio Version 17
VisualStudioVersion = 17.14.36121.58
MinimumVisualStudioVersion = 10.0.40219.1
Project("{FAE04EC0-301F-11D3-BF4B-00C04F79EFBC}") = "FCG.API", "FCG.API\FCG.API.csproj", "{996B967E-7924-7B2C-0929-D103E63BD918}"
EndProject
Project("{FAE04EC0-301F-11D3-BF4B-00C04F79EFBC}") = "FCG.Application", "FCG.Application\FCG.Application.csproj", "{927659C9-1AB5-8C36-1C94-4A7A55947107}"
EndProject
Project("{FAE04EC0-301F-11D3-BF4B-00C04F79EFBC}") = "FCG.Domain", "FCG.Domain\FCG.Domain.csproj", "{17343409-AC48-2319-B973-D5060E2C7378}"
EndProject
Project("{FAE04EC0-301F-11D3-BF4B-00C04F79EFBC}") = "FCG.Tests", "FCG.Tests\FCG.Tests.csproj", "{B3A43355-E63B-5E1B-7650-93089C9D3782}"
EndProject
Project("{FAE04EC0-301F-11D3-BF4B-00C04F79EFBC}") = "FCG.Infrastructure", "FCG.Infrastructure\FCG.Infrastructure.csproj", "{5B2FA66E-E159-4D2B-843F-09F0323B97A2}"
EndProject
Global
	GlobalSection(SolutionConfigurationPlatforms) = preSolution
		Debug|Any CPU = Debug|Any CPU
		Release|Any CPU = Release|Any CPU
	EndGlobalSection
	GlobalSection(ProjectConfigurationPlatforms) = postSolution
		{996B967E-7924-7B2C-0929-D103E63BD918}.Debug|Any CPU.ActiveCfg = Debug|Any CPU
		{996B967E-7924-7B2C-0929-D103E63BD918}.Debug|Any CPU.Build.0 = Debug|Any CPU
		{996B967E-7924-7B2C-0929-D103E63BD918}.Release|Any CPU.ActiveCfg = Release|Any CPU
		{996B967E-7924-7B2C-0929-D103E63BD918}.Release|Any CPU.Build.0 = Release|Any CPU
		{927659C9-1AB5-8C36-1C94-4A7A55947107}.Debug|Any CPU.ActiveCfg = Debug|Any CPU
		{927659C9-1AB5-8C36-1C94-4A7A55947107}.Debug|Any CPU.Build.0 = Debug|Any CPU
		{927659C9-1AB5-8C36-1C94-4A7A55947107}.Release|Any CPU.ActiveCfg = Release|Any CPU
		{927659C9-1AB5-8C36-1C94-4A7A55947107}.Release|Any CPU.Build.0 = Release|Any CPU
		{17343409-AC48-2319-B973-D5060E2C7378}.Debug|Any CPU.ActiveCfg = Debug|Any CPU
		{17343409-AC48-2319-B973-D5060E2C7378}.Debug|Any CPU.Build.0 = Debug|Any CPU
		{17343409-AC48-2319-B973-D5060E2C7378}.Release|Any CPU.ActiveCfg = Release|Any CPU
		{17343409-AC48-2319-B973-D5060E2C7378}.Release|Any CPU.Build.0 = Release|Any CPU
		{B3A43355-E63B-5E1B-7650-93089C9D3782}.Debug|Any CPU.ActiveCfg = Debug|Any CPU
		{B3A43355-E63B-5E1B-7650-93089C9D3782}.Debug|Any CPU.Build.0 = Debug|Any CPU
		{B3A43355-E63B-5E1B-7650-93089C9D3782}.Release|Any CPU.ActiveCfg = Release|Any CPU
		{B3A43355-E63B-5E1B-7650-93089C9D3782}.Release|Any CPU.Build.0 = Release|Any CPU
		{5B2FA66E-E159-4D2B-843F-09F0323B97A2}.Debug|Any CPU.ActiveCfg = Debug|Any CPU
		{5B2FA66E-E159-4D2B-843F-09F0323B97A2}.Debug|Any CPU.Build.0 = Debug|Any CPU
		{5B2FA66E-E159-4D2B-843F-09F0323B97A2}.Release|Any CPU.ActiveCfg = Release|Any CPU
		{5B2FA66E-E159-4D2B-843F-09F0323B97A2}.Release|Any CPU.Build.0 = Release|Any CPU
	EndGlobalSection
	GlobalSection(SolutionProperties) = preSolution
		HideSolutionNode = FALSE
	EndGlobalSection
	GlobalSection(ExtensibilityGlobals) = postSolution
		SolutionGuid = {16EB5079-1F7D-4E0A-BCBE-F016378AEED9}
	EndGlobalSection
EndGlobal
